// !$*UTF8*$!
{
	archiveVersion = 1;
	classes = {
	};
	objectVersion = 46;
	objects = {

/* Begin PBXBuildFile section */
		711A9960187308AB007BE1FC /* Foundation.framework in Frameworks */ = {isa = PBXBuildFile; fileRef = 711A995F187308AB007BE1FC /* Foundation.framework */; };
		711A9962187308AB007BE1FC /* CoreGraphics.framework in Frameworks */ = {isa = PBXBuildFile; fileRef = 711A9961187308AB007BE1FC /* CoreGraphics.framework */; };
		711A9964187308AB007BE1FC /* UIKit.framework in Frameworks */ = {isa = PBXBuildFile; fileRef = 711A9963187308AB007BE1FC /* UIKit.framework */; };
		711A996A187308AB007BE1FC /* InfoPlist.strings in Resources */ = {isa = PBXBuildFile; fileRef = 711A9968187308AB007BE1FC /* InfoPlist.strings */; };
		711A996C187308AB007BE1FC /* main.m in Sources */ = {isa = PBXBuildFile; fileRef = 711A996B187308AB007BE1FC /* main.m */; };
		711A9970187308AB007BE1FC /* AppDelegate.m in Sources */ = {isa = PBXBuildFile; fileRef = 711A996F187308AB007BE1FC /* AppDelegate.m */; };
		711A9972187308AB007BE1FC /* Images.xcassets in Resources */ = {isa = PBXBuildFile; fileRef = 711A9971187308AB007BE1FC /* Images.xcassets */; };
		711A9979187308AB007BE1FC /* XCTest.framework in Frameworks */ = {isa = PBXBuildFile; fileRef = 711A9978187308AB007BE1FC /* XCTest.framework */; };
		711A997A187308AB007BE1FC /* Foundation.framework in Frameworks */ = {isa = PBXBuildFile; fileRef = 711A995F187308AB007BE1FC /* Foundation.framework */; };
		711A997B187308AB007BE1FC /* UIKit.framework in Frameworks */ = {isa = PBXBuildFile; fileRef = 711A9963187308AB007BE1FC /* UIKit.framework */; };
		711A9983187308AB007BE1FC /* InfoPlist.strings in Resources */ = {isa = PBXBuildFile; fileRef = 711A9981187308AB007BE1FC /* InfoPlist.strings */; };
		711A9985187308AB007BE1FC /* DropBoxTests.m in Sources */ = {isa = PBXBuildFile; fileRef = 711A9984187308AB007BE1FC /* DropBoxTests.m */; };
		711A99A11873097D007BE1FC /* CFNetwork.framework in Frameworks */ = {isa = PBXBuildFile; fileRef = 711A99A01873097D007BE1FC /* CFNetwork.framework */; };
		711A99A318730987007BE1FC /* CoreData.framework in Frameworks */ = {isa = PBXBuildFile; fileRef = 711A99A218730987007BE1FC /* CoreData.framework */; };
		711A99A518730990007BE1FC /* libxml2.dylib in Frameworks */ = {isa = PBXBuildFile; fileRef = 711A99A418730990007BE1FC /* libxml2.dylib */; };
		711A99A7187309E6007BE1FC /* MobileCoreServices.framework in Frameworks */ = {isa = PBXBuildFile; fileRef = 711A99A6187309E6007BE1FC /* MobileCoreServices.framework */; };
		711A99A9187309ED007BE1FC /* QuartzCore.framework in Frameworks */ = {isa = PBXBuildFile; fileRef = 711A99A8187309ED007BE1FC /* QuartzCore.framework */; };
		711A99AB187309F5007BE1FC /* Security.framework in Frameworks */ = {isa = PBXBuildFile; fileRef = 711A99AA187309F5007BE1FC /* Security.framework */; };
		711A99AD187309FE007BE1FC /* SystemConfiguration.framework in Frameworks */ = {isa = PBXBuildFile; fileRef = 711A99AC187309FE007BE1FC /* SystemConfiguration.framework */; };
		711A99B118730A90007BE1FC /* dropboxClient.m in Sources */ = {isa = PBXBuildFile; fileRef = 711A99B018730A90007BE1FC /* dropboxClient.m */; };
		711A99B418730B49007BE1FC /* DropboxFinal.xcdatamodeld in Sources */ = {isa = PBXBuildFile; fileRef = 711A99B218730B49007BE1FC /* DropboxFinal.xcdatamodeld */; };
		711A99C218731495007BE1FC /* remoteFilesViewController.m in Sources */ = {isa = PBXBuildFile; fileRef = 711A99C018731495007BE1FC /* remoteFilesViewController.m */; };
		711A99CC1873541C007BE1FC /* customFileCell.m in Sources */ = {isa = PBXBuildFile; fileRef = 711A99CB1873541C007BE1FC /* customFileCell.m */; };
		711A99CE18735435007BE1FC /* customFileCell.xib in Resources */ = {isa = PBXBuildFile; fileRef = 711A99CD18735435007BE1FC /* customFileCell.xib */; };
		711A99F218735609007BE1FC /* excel48.gif in Resources */ = {isa = PBXBuildFile; fileRef = 711A99D018735609007BE1FC /* excel48.gif */; };
		711A99F318735609007BE1FC /* folder48.gif in Resources */ = {isa = PBXBuildFile; fileRef = 711A99D118735609007BE1FC /* folder48.gif */; };
		711A99F418735609007BE1FC /* folder_app48.gif in Resources */ = {isa = PBXBuildFile; fileRef = 711A99D218735609007BE1FC /* folder_app48.gif */; };
		711A99F518735609007BE1FC /* folder_camera48.gif in Resources */ = {isa = PBXBuildFile; fileRef = 711A99D318735609007BE1FC /* folder_camera48.gif */; };
		711A99F618735609007BE1FC /* folder_gray48.gif in Resources */ = {isa = PBXBuildFile; fileRef = 711A99D418735609007BE1FC /* folder_gray48.gif */; };
		711A99F718735609007BE1FC /* folder_public48.gif in Resources */ = {isa = PBXBuildFile; fileRef = 711A99D518735609007BE1FC /* folder_public48.gif */; };
		711A99F818735609007BE1FC /* folder_star48.gif in Resources */ = {isa = PBXBuildFile; fileRef = 711A99D618735609007BE1FC /* folder_star48.gif */; };
		711A99F918735609007BE1FC /* folder_user48.gif in Resources */ = {isa = PBXBuildFile; fileRef = 711A99D718735609007BE1FC /* folder_user48.gif */; };
		711A99FA18735609007BE1FC /* folder_user_gray48.gif in Resources */ = {isa = PBXBuildFile; fileRef = 711A99D818735609007BE1FC /* folder_user_gray48.gif */; };
		711A99FB18735609007BE1FC /* music48.gif in Resources */ = {isa = PBXBuildFile; fileRef = 711A99D918735609007BE1FC /* music48.gif */; };
		711A99FC18735609007BE1FC /* package48.gif in Resources */ = {isa = PBXBuildFile; fileRef = 711A99DA18735609007BE1FC /* package48.gif */; };
		711A99FD18735609007BE1FC /* page_white48.gif in Resources */ = {isa = PBXBuildFile; fileRef = 711A99DB18735609007BE1FC /* page_white48.gif */; };
		711A99FE18735609007BE1FC /* page_white_acrobat48.gif in Resources */ = {isa = PBXBuildFile; fileRef = 711A99DC18735609007BE1FC /* page_white_acrobat48.gif */; };
		711A99FF18735609007BE1FC /* page_white_actionscript48.gif in Resources */ = {isa = PBXBuildFile; fileRef = 711A99DD18735609007BE1FC /* page_white_actionscript48.gif */; };
		711A9A0018735609007BE1FC /* page_white_c48.gif in Resources */ = {isa = PBXBuildFile; fileRef = 711A99DE18735609007BE1FC /* page_white_c48.gif */; };
		711A9A0118735609007BE1FC /* page_white_code48.gif in Resources */ = {isa = PBXBuildFile; fileRef = 711A99DF18735609007BE1FC /* page_white_code48.gif */; };
		711A9A0218735609007BE1FC /* page_white_cplusplus48.gif in Resources */ = {isa = PBXBuildFile; fileRef = 711A99E018735609007BE1FC /* page_white_cplusplus48.gif */; };
		711A9A0318735609007BE1FC /* page_white_csharp.gif in Resources */ = {isa = PBXBuildFile; fileRef = 711A99E118735609007BE1FC /* page_white_csharp.gif */; };
		711A9A0418735609007BE1FC /* page_white_cup48.gif in Resources */ = {isa = PBXBuildFile; fileRef = 711A99E218735609007BE1FC /* page_white_cup48.gif */; };
		711A9A0518735609007BE1FC /* page_white_dvd.gif in Resources */ = {isa = PBXBuildFile; fileRef = 711A99E318735609007BE1FC /* page_white_dvd.gif */; };
		711A9A0618735609007BE1FC /* page_white_flash48.gif in Resources */ = {isa = PBXBuildFile; fileRef = 711A99E418735609007BE1FC /* page_white_flash48.gif */; };
		711A9A0718735609007BE1FC /* page_white_gear48.gif in Resources */ = {isa = PBXBuildFile; fileRef = 711A99E518735609007BE1FC /* page_white_gear48.gif */; };
		711A9A0818735609007BE1FC /* page_white_h48.gif in Resources */ = {isa = PBXBuildFile; fileRef = 711A99E618735609007BE1FC /* page_white_h48.gif */; };
		711A9A0918735609007BE1FC /* page_white_paint48.gif in Resources */ = {isa = PBXBuildFile; fileRef = 711A99E718735609007BE1FC /* page_white_paint48.gif */; };
		711A9A0A18735609007BE1FC /* page_white_php48.gif in Resources */ = {isa = PBXBuildFile; fileRef = 711A99E818735609007BE1FC /* page_white_php48.gif */; };
		711A9A0B18735609007BE1FC /* page_white_picture48.gif in Resources */ = {isa = PBXBuildFile; fileRef = 711A99E918735609007BE1FC /* page_white_picture48.gif */; };
		711A9A0C18735609007BE1FC /* page_white_ruby48.gif in Resources */ = {isa = PBXBuildFile; fileRef = 711A99EA18735609007BE1FC /* page_white_ruby48.gif */; };
		711A9A0D18735609007BE1FC /* page_white_text48.gif in Resources */ = {isa = PBXBuildFile; fileRef = 711A99EB18735609007BE1FC /* page_white_text48.gif */; };
		711A9A0E18735609007BE1FC /* page_white_tux48.gif in Resources */ = {isa = PBXBuildFile; fileRef = 711A99EC18735609007BE1FC /* page_white_tux48.gif */; };
		711A9A0F18735609007BE1FC /* page_white_vector48.gif in Resources */ = {isa = PBXBuildFile; fileRef = 711A99ED18735609007BE1FC /* page_white_vector48.gif */; };
		711A9A1018735609007BE1FC /* page_white_visualstudio48.gif in Resources */ = {isa = PBXBuildFile; fileRef = 711A99EE18735609007BE1FC /* page_white_visualstudio48.gif */; };
		711A9A1118735609007BE1FC /* page_white_zip48.gif in Resources */ = {isa = PBXBuildFile; fileRef = 711A99EF18735609007BE1FC /* page_white_zip48.gif */; };
		711A9A1218735609007BE1FC /* powerpoint48.gif in Resources */ = {isa = PBXBuildFile; fileRef = 711A99F018735609007BE1FC /* powerpoint48.gif */; };
		711A9A1318735609007BE1FC /* word48.gif in Resources */ = {isa = PBXBuildFile; fileRef = 711A99F118735609007BE1FC /* word48.gif */; };
		711A9A1A18743885007BE1FC /* savedFilesInfoViewController.m in Sources */ = {isa = PBXBuildFile; fileRef = 711A9A1818743885007BE1FC /* savedFilesInfoViewController.m */; };
		7164303F1874D30800F923B5 /* fileThumbView.xib in Resources */ = {isa = PBXBuildFile; fileRef = 7164303E1874D30800F923B5 /* fileThumbView.xib */; };
		716430421874D3BC00F923B5 /* fileThumbView.m in Sources */ = {isa = PBXBuildFile; fileRef = 716430411874D3BC00F923B5 /* fileThumbView.m */; };
		716430461875AB7100F923B5 /* detailViewController.m in Sources */ = {isa = PBXBuildFile; fileRef = 716430441875AB7100F923B5 /* detailViewController.m */; };
		716430471875AB7100F923B5 /* detailViewController.xib in Resources */ = {isa = PBXBuildFile; fileRef = 716430451875AB7100F923B5 /* detailViewController.xib */; };
		7164304A1875BEC400F923B5 /* User.m in Sources */ = {isa = PBXBuildFile; fileRef = 716430491875BEC400F923B5 /* User.m */; };
		7164304D1875BEC500F923B5 /* File.m in Sources */ = {isa = PBXBuildFile; fileRef = 7164304C1875BEC500F923B5 /* File.m */; };
		716430511876029F00F923B5 /* uploadFilesViewController.m in Sources */ = {isa = PBXBuildFile; fileRef = 7164304F1876029F00F923B5 /* uploadFilesViewController.m */; };
		716430521876029F00F923B5 /* uploadFilesViewController.xib in Resources */ = {isa = PBXBuildFile; fileRef = 716430501876029F00F923B5 /* uploadFilesViewController.xib */; };
		7164305A18762C4A00F923B5 /* settingsViewController.m in Sources */ = {isa = PBXBuildFile; fileRef = 7164305818762C4A00F923B5 /* settingsViewController.m */; };
		7164305B18762C4A00F923B5 /* settingsViewController.xib in Resources */ = {isa = PBXBuildFile; fileRef = 7164305918762C4A00F923B5 /* settingsViewController.xib */; };
		7164306718763C3D00F923B5 /* Quota.m in Sources */ = {isa = PBXBuildFile; fileRef = 7164306618763C3D00F923B5 /* Quota.m */; };
		71E4392018818A26003610B0 /* arrow-big-03.png in Resources */ = {isa = PBXBuildFile; fileRef = 71E4391C18818A26003610B0 /* arrow-big-03.png */; };
		71E4392118818A26003610B0 /* arrow-big-04.png in Resources */ = {isa = PBXBuildFile; fileRef = 71E4391D18818A26003610B0 /* arrow-big-04.png */; };
		71E4392218818A26003610B0 /* gear.png in Resources */ = {isa = PBXBuildFile; fileRef = 71E4391E18818A26003610B0 /* gear.png */; };
		71E4392318818A26003610B0 /* wifi.png in Resources */ = {isa = PBXBuildFile; fileRef = 71E4391F18818A26003610B0 /* wifi.png */; };
		71E445EE18818BE5003610B0 /* InfoPlist.strings in Resources */ = {isa = PBXBuildFile; fileRef = 71E445E218818BE4003610B0 /* InfoPlist.strings */; };
		71E445EF18818BE5003610B0 /* RestKitFramework-Info.plist in Resources */ = {isa = PBXBuildFile; fileRef = 71E445E518818BE4003610B0 /* RestKitFramework-Info.plist */; };
		71E445F018818BE5003610B0 /* RestKitFrameworkTests-Info.plist in Resources */ = {isa = PBXBuildFile; fileRef = 71E445E618818BE4003610B0 /* RestKitFrameworkTests-Info.plist */; };
		71E445F118818BE5003610B0 /* RestKitResources-Info.plist in Resources */ = {isa = PBXBuildFile; fileRef = 71E445E718818BE4003610B0 /* RestKitResources-Info.plist */; };
		71E445F218818BE5003610B0 /* RestKitTests-Info.plist in Resources */ = {isa = PBXBuildFile; fileRef = 71E445E818818BE4003610B0 /* RestKitTests-Info.plist */; };
		71E445F318818BE5003610B0 /* RestKitCoreData.xcdatamodeld in Sources */ = {isa = PBXBuildFile; fileRef = 71E445E918818BE4003610B0 /* RestKitCoreData.xcdatamodeld */; };
		71E4460218818BFC003610B0 /* libRestKit.a in Frameworks */ = {isa = PBXBuildFile; fileRef = 71E445F918818BE5003610B0 /* libRestKit.a */; };
/* End PBXBuildFile section */

/* Begin PBXContainerItemProxy section */
		711A997C187308AB007BE1FC /* PBXContainerItemProxy */ = {
			isa = PBXContainerItemProxy;
			containerPortal = 711A9954187308AB007BE1FC /* Project object */;
			proxyType = 1;
			remoteGlobalIDString = 711A995B187308AB007BE1FC;
			remoteInfo = DropBox;
		};
		71E445F818818BE5003610B0 /* PBXContainerItemProxy */ = {
			isa = PBXContainerItemProxy;
			containerPortal = 71E445EB18818BE4003610B0 /* RestKit.xcodeproj */;
			proxyType = 2;
			remoteGlobalIDString = 25160D1614564E810060A5C5;
			remoteInfo = RestKit;
		};
		71E445FA18818BE5003610B0 /* PBXContainerItemProxy */ = {
			isa = PBXContainerItemProxy;
			containerPortal = 71E445EB18818BE4003610B0 /* RestKit.xcodeproj */;
			proxyType = 2;
			remoteGlobalIDString = 25160D2614564E820060A5C5;
			remoteInfo = RestKitTests;
		};
		71E445FC18818BE5003610B0 /* PBXContainerItemProxy */ = {
			isa = PBXContainerItemProxy;
			containerPortal = 71E445EB18818BE4003610B0 /* RestKit.xcodeproj */;
			proxyType = 2;
			remoteGlobalIDString = 25160E62145651060060A5C5;
			remoteInfo = RestKitFramework;
		};
		71E445FE18818BE5003610B0 /* PBXContainerItemProxy */ = {
			isa = PBXContainerItemProxy;
			containerPortal = 71E445EB18818BE4003610B0 /* RestKit.xcodeproj */;
			proxyType = 2;
			remoteGlobalIDString = 25160E78145651060060A5C5;
			remoteInfo = RestKitFrameworkTests;
		};
		71E4460018818BF7003610B0 /* PBXContainerItemProxy */ = {
			isa = PBXContainerItemProxy;
			containerPortal = 71E445EB18818BE4003610B0 /* RestKit.xcodeproj */;
			proxyType = 1;
			remoteGlobalIDString = 25160D1514564E810060A5C5;
			remoteInfo = RestKit;
		};
/* End PBXContainerItemProxy section */

/* Begin PBXFileReference section */
		711A995C187308AB007BE1FC /* DropBox.app */ = {isa = PBXFileReference; explicitFileType = wrapper.application; includeInIndex = 0; path = DropBox.app; sourceTree = BUILT_PRODUCTS_DIR; };
		711A995F187308AB007BE1FC /* Foundation.framework */ = {isa = PBXFileReference; lastKnownFileType = wrapper.framework; name = Foundation.framework; path = System/Library/Frameworks/Foundation.framework; sourceTree = SDKROOT; };
		711A9961187308AB007BE1FC /* CoreGraphics.framework */ = {isa = PBXFileReference; lastKnownFileType = wrapper.framework; name = CoreGraphics.framework; path = System/Library/Frameworks/CoreGraphics.framework; sourceTree = SDKROOT; };
		711A9963187308AB007BE1FC /* UIKit.framework */ = {isa = PBXFileReference; lastKnownFileType = wrapper.framework; name = UIKit.framework; path = System/Library/Frameworks/UIKit.framework; sourceTree = SDKROOT; };
		711A9967187308AB007BE1FC /* DropBox-Info.plist */ = {isa = PBXFileReference; lastKnownFileType = text.plist.xml; path = "DropBox-Info.plist"; sourceTree = "<group>"; };
		711A9969187308AB007BE1FC /* en */ = {isa = PBXFileReference; lastKnownFileType = text.plist.strings; name = en; path = en.lproj/InfoPlist.strings; sourceTree = "<group>"; };
		711A996B187308AB007BE1FC /* main.m */ = {isa = PBXFileReference; lastKnownFileType = sourcecode.c.objc; path = main.m; sourceTree = "<group>"; };
		711A996D187308AB007BE1FC /* DropBox-Prefix.pch */ = {isa = PBXFileReference; lastKnownFileType = sourcecode.c.h; path = "DropBox-Prefix.pch"; sourceTree = "<group>"; };
		711A996E187308AB007BE1FC /* AppDelegate.h */ = {isa = PBXFileReference; lastKnownFileType = sourcecode.c.h; path = AppDelegate.h; sourceTree = "<group>"; };
		711A996F187308AB007BE1FC /* AppDelegate.m */ = {isa = PBXFileReference; lastKnownFileType = sourcecode.c.objc; path = AppDelegate.m; sourceTree = "<group>"; };
		711A9971187308AB007BE1FC /* Images.xcassets */ = {isa = PBXFileReference; lastKnownFileType = folder.assetcatalog; path = Images.xcassets; sourceTree = "<group>"; };
		711A9977187308AB007BE1FC /* DropBoxTests.xctest */ = {isa = PBXFileReference; explicitFileType = wrapper.cfbundle; includeInIndex = 0; path = DropBoxTests.xctest; sourceTree = BUILT_PRODUCTS_DIR; };
		711A9978187308AB007BE1FC /* XCTest.framework */ = {isa = PBXFileReference; lastKnownFileType = wrapper.framework; name = XCTest.framework; path = Library/Frameworks/XCTest.framework; sourceTree = DEVELOPER_DIR; };
		711A9980187308AB007BE1FC /* DropBoxTests-Info.plist */ = {isa = PBXFileReference; lastKnownFileType = text.plist.xml; path = "DropBoxTests-Info.plist"; sourceTree = "<group>"; };
		711A9982187308AB007BE1FC /* en */ = {isa = PBXFileReference; lastKnownFileType = text.plist.strings; name = en; path = en.lproj/InfoPlist.strings; sourceTree = "<group>"; };
		711A9984187308AB007BE1FC /* DropBoxTests.m */ = {isa = PBXFileReference; lastKnownFileType = sourcecode.c.objc; path = DropBoxTests.m; sourceTree = "<group>"; };
		711A99A01873097D007BE1FC /* CFNetwork.framework */ = {isa = PBXFileReference; lastKnownFileType = wrapper.framework; name = CFNetwork.framework; path = System/Library/Frameworks/CFNetwork.framework; sourceTree = SDKROOT; };
		711A99A218730987007BE1FC /* CoreData.framework */ = {isa = PBXFileReference; lastKnownFileType = wrapper.framework; name = CoreData.framework; path = System/Library/Frameworks/CoreData.framework; sourceTree = SDKROOT; };
		711A99A418730990007BE1FC /* libxml2.dylib */ = {isa = PBXFileReference; lastKnownFileType = "compiled.mach-o.dylib"; name = libxml2.dylib; path = usr/lib/libxml2.dylib; sourceTree = SDKROOT; };
		711A99A6187309E6007BE1FC /* MobileCoreServices.framework */ = {isa = PBXFileReference; lastKnownFileType = wrapper.framework; name = MobileCoreServices.framework; path = System/Library/Frameworks/MobileCoreServices.framework; sourceTree = SDKROOT; };
		711A99A8187309ED007BE1FC /* QuartzCore.framework */ = {isa = PBXFileReference; lastKnownFileType = wrapper.framework; name = QuartzCore.framework; path = System/Library/Frameworks/QuartzCore.framework; sourceTree = SDKROOT; };
		711A99AA187309F5007BE1FC /* Security.framework */ = {isa = PBXFileReference; lastKnownFileType = wrapper.framework; name = Security.framework; path = System/Library/Frameworks/Security.framework; sourceTree = SDKROOT; };
		711A99AC187309FE007BE1FC /* SystemConfiguration.framework */ = {isa = PBXFileReference; lastKnownFileType = wrapper.framework; name = SystemConfiguration.framework; path = System/Library/Frameworks/SystemConfiguration.framework; sourceTree = SDKROOT; };
		711A99AF18730A90007BE1FC /* dropboxClient.h */ = {isa = PBXFileReference; fileEncoding = 4; lastKnownFileType = sourcecode.c.h; path = dropboxClient.h; sourceTree = "<group>"; };
		711A99B018730A90007BE1FC /* dropboxClient.m */ = {isa = PBXFileReference; fileEncoding = 4; lastKnownFileType = sourcecode.c.objc; path = dropboxClient.m; sourceTree = "<group>"; };
		711A99B318730B49007BE1FC /* DropboxFinal.xcdatamodel */ = {isa = PBXFileReference; lastKnownFileType = wrapper.xcdatamodel; path = DropboxFinal.xcdatamodel; sourceTree = "<group>"; };
		711A99BF18731495007BE1FC /* remoteFilesViewController.h */ = {isa = PBXFileReference; fileEncoding = 4; lastKnownFileType = sourcecode.c.h; path = remoteFilesViewController.h; sourceTree = "<group>"; };
		711A99C018731495007BE1FC /* remoteFilesViewController.m */ = {isa = PBXFileReference; fileEncoding = 4; lastKnownFileType = sourcecode.c.objc; path = remoteFilesViewController.m; sourceTree = "<group>"; };
		711A99CA1873541C007BE1FC /* customFileCell.h */ = {isa = PBXFileReference; fileEncoding = 4; lastKnownFileType = sourcecode.c.h; path = customFileCell.h; sourceTree = "<group>"; };
		711A99CB1873541C007BE1FC /* customFileCell.m */ = {isa = PBXFileReference; fileEncoding = 4; lastKnownFileType = sourcecode.c.objc; path = customFileCell.m; sourceTree = "<group>"; };
		711A99CD18735435007BE1FC /* customFileCell.xib */ = {isa = PBXFileReference; fileEncoding = 4; lastKnownFileType = file.xib; path = customFileCell.xib; sourceTree = "<group>"; };
		711A99D018735609007BE1FC /* excel48.gif */ = {isa = PBXFileReference; lastKnownFileType = image.gif; path = excel48.gif; sourceTree = "<group>"; };
		711A99D118735609007BE1FC /* folder48.gif */ = {isa = PBXFileReference; lastKnownFileType = image.gif; path = folder48.gif; sourceTree = "<group>"; };
		711A99D218735609007BE1FC /* folder_app48.gif */ = {isa = PBXFileReference; lastKnownFileType = image.gif; path = folder_app48.gif; sourceTree = "<group>"; };
		711A99D318735609007BE1FC /* folder_camera48.gif */ = {isa = PBXFileReference; lastKnownFileType = image.gif; path = folder_camera48.gif; sourceTree = "<group>"; };
		711A99D418735609007BE1FC /* folder_gray48.gif */ = {isa = PBXFileReference; lastKnownFileType = image.gif; path = folder_gray48.gif; sourceTree = "<group>"; };
		711A99D518735609007BE1FC /* folder_public48.gif */ = {isa = PBXFileReference; lastKnownFileType = image.gif; path = folder_public48.gif; sourceTree = "<group>"; };
		711A99D618735609007BE1FC /* folder_star48.gif */ = {isa = PBXFileReference; lastKnownFileType = image.gif; path = folder_star48.gif; sourceTree = "<group>"; };
		711A99D718735609007BE1FC /* folder_user48.gif */ = {isa = PBXFileReference; lastKnownFileType = image.gif; path = folder_user48.gif; sourceTree = "<group>"; };
		711A99D818735609007BE1FC /* folder_user_gray48.gif */ = {isa = PBXFileReference; lastKnownFileType = image.gif; path = folder_user_gray48.gif; sourceTree = "<group>"; };
		711A99D918735609007BE1FC /* music48.gif */ = {isa = PBXFileReference; lastKnownFileType = image.gif; path = music48.gif; sourceTree = "<group>"; };
		711A99DA18735609007BE1FC /* package48.gif */ = {isa = PBXFileReference; lastKnownFileType = image.gif; path = package48.gif; sourceTree = "<group>"; };
		711A99DB18735609007BE1FC /* page_white48.gif */ = {isa = PBXFileReference; lastKnownFileType = image.gif; path = page_white48.gif; sourceTree = "<group>"; };
		711A99DC18735609007BE1FC /* page_white_acrobat48.gif */ = {isa = PBXFileReference; lastKnownFileType = image.gif; path = page_white_acrobat48.gif; sourceTree = "<group>"; };
		711A99DD18735609007BE1FC /* page_white_actionscript48.gif */ = {isa = PBXFileReference; lastKnownFileType = image.gif; path = page_white_actionscript48.gif; sourceTree = "<group>"; };
		711A99DE18735609007BE1FC /* page_white_c48.gif */ = {isa = PBXFileReference; lastKnownFileType = image.gif; path = page_white_c48.gif; sourceTree = "<group>"; };
		711A99DF18735609007BE1FC /* page_white_code48.gif */ = {isa = PBXFileReference; lastKnownFileType = image.gif; path = page_white_code48.gif; sourceTree = "<group>"; };
		711A99E018735609007BE1FC /* page_white_cplusplus48.gif */ = {isa = PBXFileReference; lastKnownFileType = image.gif; path = page_white_cplusplus48.gif; sourceTree = "<group>"; };
		711A99E118735609007BE1FC /* page_white_csharp.gif */ = {isa = PBXFileReference; lastKnownFileType = image.gif; path = page_white_csharp.gif; sourceTree = "<group>"; };
		711A99E218735609007BE1FC /* page_white_cup48.gif */ = {isa = PBXFileReference; lastKnownFileType = image.gif; path = page_white_cup48.gif; sourceTree = "<group>"; };
		711A99E318735609007BE1FC /* page_white_dvd.gif */ = {isa = PBXFileReference; lastKnownFileType = image.gif; path = page_white_dvd.gif; sourceTree = "<group>"; };
		711A99E418735609007BE1FC /* page_white_flash48.gif */ = {isa = PBXFileReference; lastKnownFileType = image.gif; path = page_white_flash48.gif; sourceTree = "<group>"; };
		711A99E518735609007BE1FC /* page_white_gear48.gif */ = {isa = PBXFileReference; lastKnownFileType = image.gif; path = page_white_gear48.gif; sourceTree = "<group>"; };
		711A99E618735609007BE1FC /* page_white_h48.gif */ = {isa = PBXFileReference; lastKnownFileType = image.gif; path = page_white_h48.gif; sourceTree = "<group>"; };
		711A99E718735609007BE1FC /* page_white_paint48.gif */ = {isa = PBXFileReference; lastKnownFileType = image.gif; path = page_white_paint48.gif; sourceTree = "<group>"; };
		711A99E818735609007BE1FC /* page_white_php48.gif */ = {isa = PBXFileReference; lastKnownFileType = image.gif; path = page_white_php48.gif; sourceTree = "<group>"; };
		711A99E918735609007BE1FC /* page_white_picture48.gif */ = {isa = PBXFileReference; lastKnownFileType = image.gif; path = page_white_picture48.gif; sourceTree = "<group>"; };
		711A99EA18735609007BE1FC /* page_white_ruby48.gif */ = {isa = PBXFileReference; lastKnownFileType = image.gif; path = page_white_ruby48.gif; sourceTree = "<group>"; };
		711A99EB18735609007BE1FC /* page_white_text48.gif */ = {isa = PBXFileReference; lastKnownFileType = image.gif; path = page_white_text48.gif; sourceTree = "<group>"; };
		711A99EC18735609007BE1FC /* page_white_tux48.gif */ = {isa = PBXFileReference; lastKnownFileType = image.gif; path = page_white_tux48.gif; sourceTree = "<group>"; };
		711A99ED18735609007BE1FC /* page_white_vector48.gif */ = {isa = PBXFileReference; lastKnownFileType = image.gif; path = page_white_vector48.gif; sourceTree = "<group>"; };
		711A99EE18735609007BE1FC /* page_white_visualstudio48.gif */ = {isa = PBXFileReference; lastKnownFileType = image.gif; path = page_white_visualstudio48.gif; sourceTree = "<group>"; };
		711A99EF18735609007BE1FC /* page_white_zip48.gif */ = {isa = PBXFileReference; lastKnownFileType = image.gif; path = page_white_zip48.gif; sourceTree = "<group>"; };
		711A99F018735609007BE1FC /* powerpoint48.gif */ = {isa = PBXFileReference; lastKnownFileType = image.gif; path = powerpoint48.gif; sourceTree = "<group>"; };
		711A99F118735609007BE1FC /* word48.gif */ = {isa = PBXFileReference; lastKnownFileType = image.gif; path = word48.gif; sourceTree = "<group>"; };
		711A9A1418743787007BE1FC /* File.h */ = {isa = PBXFileReference; fileEncoding = 4; lastKnownFileType = sourcecode.c.h; path = File.h; sourceTree = "<group>"; };
		711A9A1718743885007BE1FC /* savedFilesInfoViewController.h */ = {isa = PBXFileReference; fileEncoding = 4; lastKnownFileType = sourcecode.c.h; path = savedFilesInfoViewController.h; sourceTree = "<group>"; };
		711A9A1818743885007BE1FC /* savedFilesInfoViewController.m */ = {isa = PBXFileReference; fileEncoding = 4; lastKnownFileType = sourcecode.c.objc; path = savedFilesInfoViewController.m; sourceTree = "<group>"; };
		7164303E1874D30800F923B5 /* fileThumbView.xib */ = {isa = PBXFileReference; fileEncoding = 4; lastKnownFileType = file.xib; name = fileThumbView.xib; path = ../fileThumbView.xib; sourceTree = "<group>"; };
		716430401874D3BC00F923B5 /* fileThumbView.h */ = {isa = PBXFileReference; fileEncoding = 4; lastKnownFileType = sourcecode.c.h; path = fileThumbView.h; sourceTree = "<group>"; };
		716430411874D3BC00F923B5 /* fileThumbView.m */ = {isa = PBXFileReference; fileEncoding = 4; lastKnownFileType = sourcecode.c.objc; path = fileThumbView.m; sourceTree = "<group>"; };
		716430431875AB7100F923B5 /* detailViewController.h */ = {isa = PBXFileReference; fileEncoding = 4; lastKnownFileType = sourcecode.c.h; path = detailViewController.h; sourceTree = "<group>"; };
		716430441875AB7100F923B5 /* detailViewController.m */ = {isa = PBXFileReference; fileEncoding = 4; lastKnownFileType = sourcecode.c.objc; path = detailViewController.m; sourceTree = "<group>"; };
		716430451875AB7100F923B5 /* detailViewController.xib */ = {isa = PBXFileReference; fileEncoding = 4; lastKnownFileType = file.xib; path = detailViewController.xib; sourceTree = "<group>"; };
		716430481875BEC400F923B5 /* User.h */ = {isa = PBXFileReference; fileEncoding = 4; lastKnownFileType = sourcecode.c.h; path = User.h; sourceTree = "<group>"; };
		716430491875BEC400F923B5 /* User.m */ = {isa = PBXFileReference; fileEncoding = 4; lastKnownFileType = sourcecode.c.objc; path = User.m; sourceTree = "<group>"; };
		7164304C1875BEC500F923B5 /* File.m */ = {isa = PBXFileReference; fileEncoding = 4; lastKnownFileType = sourcecode.c.objc; path = File.m; sourceTree = "<group>"; };
		7164304E1876029F00F923B5 /* uploadFilesViewController.h */ = {isa = PBXFileReference; fileEncoding = 4; lastKnownFileType = sourcecode.c.h; path = uploadFilesViewController.h; sourceTree = "<group>"; };
		7164304F1876029F00F923B5 /* uploadFilesViewController.m */ = {isa = PBXFileReference; fileEncoding = 4; lastKnownFileType = sourcecode.c.objc; path = uploadFilesViewController.m; sourceTree = "<group>"; };
		716430501876029F00F923B5 /* uploadFilesViewController.xib */ = {isa = PBXFileReference; fileEncoding = 4; lastKnownFileType = file.xib; path = uploadFilesViewController.xib; sourceTree = "<group>"; };
		7164305718762C4A00F923B5 /* settingsViewController.h */ = {isa = PBXFileReference; fileEncoding = 4; lastKnownFileType = sourcecode.c.h; path = settingsViewController.h; sourceTree = "<group>"; };
		7164305818762C4A00F923B5 /* settingsViewController.m */ = {isa = PBXFileReference; fileEncoding = 4; lastKnownFileType = sourcecode.c.objc; path = settingsViewController.m; sourceTree = "<group>"; };
		7164305918762C4A00F923B5 /* settingsViewController.xib */ = {isa = PBXFileReference; fileEncoding = 4; lastKnownFileType = file.xib; path = settingsViewController.xib; sourceTree = "<group>"; };
		7164306518763C3D00F923B5 /* Quota.h */ = {isa = PBXFileReference; fileEncoding = 4; lastKnownFileType = sourcecode.c.h; path = Quota.h; sourceTree = "<group>"; };
		7164306618763C3D00F923B5 /* Quota.m */ = {isa = PBXFileReference; fileEncoding = 4; lastKnownFileType = sourcecode.c.objc; path = Quota.m; sourceTree = "<group>"; };
		71E4391C18818A26003610B0 /* arrow-big-03.png */ = {isa = PBXFileReference; lastKnownFileType = image.png; name = "arrow-big-03.png"; path = "../../работа/DropBox/arrow-big-03.png"; sourceTree = "<group>"; };
		71E4391D18818A26003610B0 /* arrow-big-04.png */ = {isa = PBXFileReference; lastKnownFileType = image.png; name = "arrow-big-04.png"; path = "../../работа/DropBox/arrow-big-04.png"; sourceTree = "<group>"; };
		71E4391E18818A26003610B0 /* gear.png */ = {isa = PBXFileReference; lastKnownFileType = image.png; name = gear.png; path = "../../работа/DropBox/gear.png"; sourceTree = "<group>"; };
		71E4391F18818A26003610B0 /* wifi.png */ = {isa = PBXFileReference; lastKnownFileType = image.png; name = wifi.png; path = "../../работа/DropBox/wifi.png"; sourceTree = "<group>"; };
		71E445E318818BE4003610B0 /* en */ = {isa = PBXFileReference; lastKnownFileType = text.plist.strings; name = en; path = en.lproj/InfoPlist.strings; sourceTree = "<group>"; };
		71E445E518818BE4003610B0 /* RestKitFramework-Info.plist */ = {isa = PBXFileReference; fileEncoding = 4; lastKnownFileType = text.plist.xml; path = "RestKitFramework-Info.plist"; sourceTree = "<group>"; };
		71E445E618818BE4003610B0 /* RestKitFrameworkTests-Info.plist */ = {isa = PBXFileReference; fileEncoding = 4; lastKnownFileType = text.plist.xml; path = "RestKitFrameworkTests-Info.plist"; sourceTree = "<group>"; };
		71E445E718818BE4003610B0 /* RestKitResources-Info.plist */ = {isa = PBXFileReference; fileEncoding = 4; lastKnownFileType = text.plist.xml; path = "RestKitResources-Info.plist"; sourceTree = "<group>"; };
		71E445E818818BE4003610B0 /* RestKitTests-Info.plist */ = {isa = PBXFileReference; fileEncoding = 4; lastKnownFileType = text.plist.xml; path = "RestKitTests-Info.plist"; sourceTree = "<group>"; };
		71E445EA18818BE4003610B0 /* RestKitResources-Prefix.pch */ = {isa = PBXFileReference; fileEncoding = 4; lastKnownFileType = sourcecode.c.h; path = "RestKitResources-Prefix.pch"; sourceTree = "<group>"; };
		71E445EB18818BE4003610B0 /* RestKit.xcodeproj */ = {isa = PBXFileReference; lastKnownFileType = "wrapper.pb-project"; name = RestKit.xcodeproj; path = "RestKit-0.20.3/RestKit.xcodeproj"; sourceTree = "<group>"; };
/* End PBXFileReference section */

/* Begin PBXFrameworksBuildPhase section */
		711A9959187308AB007BE1FC /* Frameworks */ = {
			isa = PBXFrameworksBuildPhase;
			buildActionMask = 2147483647;
			files = (
				71E4460218818BFC003610B0 /* libRestKit.a in Frameworks */,
				711A99AD187309FE007BE1FC /* SystemConfiguration.framework in Frameworks */,
				711A99AB187309F5007BE1FC /* Security.framework in Frameworks */,
				711A99A9187309ED007BE1FC /* QuartzCore.framework in Frameworks */,
				711A99A7187309E6007BE1FC /* MobileCoreServices.framework in Frameworks */,
				711A99A518730990007BE1FC /* libxml2.dylib in Frameworks */,
				711A99A318730987007BE1FC /* CoreData.framework in Frameworks */,
				711A99A11873097D007BE1FC /* CFNetwork.framework in Frameworks */,
				711A9962187308AB007BE1FC /* CoreGraphics.framework in Frameworks */,
				711A9964187308AB007BE1FC /* UIKit.framework in Frameworks */,
				711A9960187308AB007BE1FC /* Foundation.framework in Frameworks */,
			);
			runOnlyForDeploymentPostprocessing = 0;
		};
		711A9974187308AB007BE1FC /* Frameworks */ = {
			isa = PBXFrameworksBuildPhase;
			buildActionMask = 2147483647;
			files = (
				711A9979187308AB007BE1FC /* XCTest.framework in Frameworks */,
				711A997B187308AB007BE1FC /* UIKit.framework in Frameworks */,
				711A997A187308AB007BE1FC /* Foundation.framework in Frameworks */,
			);
			runOnlyForDeploymentPostprocessing = 0;
		};
/* End PBXFrameworksBuildPhase section */

/* Begin PBXGroup section */
		711A9953187308AB007BE1FC = {
			isa = PBXGroup;
			children = (
				71E445E118818BE4003610B0 /* Resources */,
				71E445EB18818BE4003610B0 /* RestKit.xcodeproj */,
				711A9965187308AB007BE1FC /* DropBox */,
				711A997E187308AB007BE1FC /* DropBoxTests */,
				711A995E187308AB007BE1FC /* Frameworks */,
				711A995D187308AB007BE1FC /* Products */,
			);
			sourceTree = "<group>";
		};
		711A995D187308AB007BE1FC /* Products */ = {
			isa = PBXGroup;
			children = (
				711A995C187308AB007BE1FC /* DropBox.app */,
				711A9977187308AB007BE1FC /* DropBoxTests.xctest */,
			);
			name = Products;
			sourceTree = "<group>";
		};
		711A995E187308AB007BE1FC /* Frameworks */ = {
			isa = PBXGroup;
			children = (
				711A99AC187309FE007BE1FC /* SystemConfiguration.framework */,
				711A99AA187309F5007BE1FC /* Security.framework */,
				711A99A8187309ED007BE1FC /* QuartzCore.framework */,
				711A99A6187309E6007BE1FC /* MobileCoreServices.framework */,
				711A99A418730990007BE1FC /* libxml2.dylib */,
				711A99A218730987007BE1FC /* CoreData.framework */,
				711A99A01873097D007BE1FC /* CFNetwork.framework */,
				711A995F187308AB007BE1FC /* Foundation.framework */,
				711A9961187308AB007BE1FC /* CoreGraphics.framework */,
				711A9963187308AB007BE1FC /* UIKit.framework */,
				711A9978187308AB007BE1FC /* XCTest.framework */,
			);
			name = Frameworks;
			sourceTree = "<group>";
		};
		711A9965187308AB007BE1FC /* DropBox */ = {
			isa = PBXGroup;
			children = (
				711A996E187308AB007BE1FC /* AppDelegate.h */,
				711A996F187308AB007BE1FC /* AppDelegate.m */,
				7164305518762C0200F923B5 /* saved Files */,
				7164305618762C1300F923B5 /* details */,
				7164305418762BFB00F923B5 /* remote Files */,
				7164305C18762C4E00F923B5 /* settings */,
				7164305318762BEC00F923B5 /* upload Files */,
				711A99B218730B49007BE1FC /* DropboxFinal.xcdatamodeld */,
				711A99AF18730A90007BE1FC /* dropboxClient.h */,
				711A99B018730A90007BE1FC /* dropboxClient.m */,
				711A99CF18735609007BE1FC /* 48x48 */,
				711A99BE18730B81007BE1FC /* Model classes */,
				711A9971187308AB007BE1FC /* Images.xcassets */,
				711A9966187308AB007BE1FC /* Supporting Files */,
			);
			path = DropBox;
			sourceTree = "<group>";
		};
		711A9966187308AB007BE1FC /* Supporting Files */ = {
			isa = PBXGroup;
			children = (
				711A9967187308AB007BE1FC /* DropBox-Info.plist */,
				711A9968187308AB007BE1FC /* InfoPlist.strings */,
				711A996B187308AB007BE1FC /* main.m */,
				711A996D187308AB007BE1FC /* DropBox-Prefix.pch */,
			);
			name = "Supporting Files";
			sourceTree = "<group>";
		};
		711A997E187308AB007BE1FC /* DropBoxTests */ = {
			isa = PBXGroup;
			children = (
				711A9984187308AB007BE1FC /* DropBoxTests.m */,
				711A997F187308AB007BE1FC /* Supporting Files */,
			);
			path = DropBoxTests;
			sourceTree = "<group>";
		};
		711A997F187308AB007BE1FC /* Supporting Files */ = {
			isa = PBXGroup;
			children = (
				711A9980187308AB007BE1FC /* DropBoxTests-Info.plist */,
				711A9981187308AB007BE1FC /* InfoPlist.strings */,
			);
			name = "Supporting Files";
			sourceTree = "<group>";
		};
		711A99BE18730B81007BE1FC /* Model classes */ = {
			isa = PBXGroup;
			children = (
				7164306518763C3D00F923B5 /* Quota.h */,
				7164306618763C3D00F923B5 /* Quota.m */,
				711A9A1418743787007BE1FC /* File.h */,
				7164304C1875BEC500F923B5 /* File.m */,
				716430481875BEC400F923B5 /* User.h */,
				716430491875BEC400F923B5 /* User.m */,
			);
			name = "Model classes";
			sourceTree = "<group>";
		};
		711A99CF18735609007BE1FC /* 48x48 */ = {
			isa = PBXGroup;
			children = (
				71E4391C18818A26003610B0 /* arrow-big-03.png */,
				71E4391D18818A26003610B0 /* arrow-big-04.png */,
				71E4391E18818A26003610B0 /* gear.png */,
				71E4391F18818A26003610B0 /* wifi.png */,
				711A99D018735609007BE1FC /* excel48.gif */,
				711A99D118735609007BE1FC /* folder48.gif */,
				711A99D218735609007BE1FC /* folder_app48.gif */,
				711A99D318735609007BE1FC /* folder_camera48.gif */,
				711A99D418735609007BE1FC /* folder_gray48.gif */,
				711A99D518735609007BE1FC /* folder_public48.gif */,
				711A99D618735609007BE1FC /* folder_star48.gif */,
				711A99D718735609007BE1FC /* folder_user48.gif */,
				711A99D818735609007BE1FC /* folder_user_gray48.gif */,
				711A99D918735609007BE1FC /* music48.gif */,
				711A99DA18735609007BE1FC /* package48.gif */,
				711A99DB18735609007BE1FC /* page_white48.gif */,
				711A99DC18735609007BE1FC /* page_white_acrobat48.gif */,
				711A99DD18735609007BE1FC /* page_white_actionscript48.gif */,
				711A99DE18735609007BE1FC /* page_white_c48.gif */,
				711A99DF18735609007BE1FC /* page_white_code48.gif */,
				711A99E018735609007BE1FC /* page_white_cplusplus48.gif */,
				711A99E118735609007BE1FC /* page_white_csharp.gif */,
				711A99E218735609007BE1FC /* page_white_cup48.gif */,
				711A99E318735609007BE1FC /* page_white_dvd.gif */,
				711A99E418735609007BE1FC /* page_white_flash48.gif */,
				711A99E518735609007BE1FC /* page_white_gear48.gif */,
				711A99E618735609007BE1FC /* page_white_h48.gif */,
				711A99E718735609007BE1FC /* page_white_paint48.gif */,
				711A99E818735609007BE1FC /* page_white_php48.gif */,
				711A99E918735609007BE1FC /* page_white_picture48.gif */,
				711A99EA18735609007BE1FC /* page_white_ruby48.gif */,
				711A99EB18735609007BE1FC /* page_white_text48.gif */,
				711A99EC18735609007BE1FC /* page_white_tux48.gif */,
				711A99ED18735609007BE1FC /* page_white_vector48.gif */,
				711A99EE18735609007BE1FC /* page_white_visualstudio48.gif */,
				711A99EF18735609007BE1FC /* page_white_zip48.gif */,
				711A99F018735609007BE1FC /* powerpoint48.gif */,
				711A99F118735609007BE1FC /* word48.gif */,
			);
			name = 48x48;
			path = "../../../dropbox-api-icons/48x48";
			sourceTree = "<group>";
		};
		7164305318762BEC00F923B5 /* upload Files */ = {
			isa = PBXGroup;
			children = (
				7164304E1876029F00F923B5 /* uploadFilesViewController.h */,
				7164304F1876029F00F923B5 /* uploadFilesViewController.m */,
				716430501876029F00F923B5 /* uploadFilesViewController.xib */,
			);
			name = "upload Files";
			sourceTree = "<group>";
		};
		7164305418762BFB00F923B5 /* remote Files */ = {
			isa = PBXGroup;
			children = (
				711A99CA1873541C007BE1FC /* customFileCell.h */,
				711A99CB1873541C007BE1FC /* customFileCell.m */,
				711A99CD18735435007BE1FC /* customFileCell.xib */,
				711A99BF18731495007BE1FC /* remoteFilesViewController.h */,
				711A99C018731495007BE1FC /* remoteFilesViewController.m */,
			);
			name = "remote Files";
			sourceTree = "<group>";
		};
		7164305518762C0200F923B5 /* saved Files */ = {
			isa = PBXGroup;
			children = (
				716430401874D3BC00F923B5 /* fileThumbView.h */,
				716430411874D3BC00F923B5 /* fileThumbView.m */,
				7164303E1874D30800F923B5 /* fileThumbView.xib */,
				711A9A1718743885007BE1FC /* savedFilesInfoViewController.h */,
				711A9A1818743885007BE1FC /* savedFilesInfoViewController.m */,
			);
			name = "saved Files";
			sourceTree = "<group>";
		};
		7164305618762C1300F923B5 /* details */ = {
			isa = PBXGroup;
			children = (
				716430431875AB7100F923B5 /* detailViewController.h */,
				716430441875AB7100F923B5 /* detailViewController.m */,
				716430451875AB7100F923B5 /* detailViewController.xib */,
			);
			name = details;
			sourceTree = "<group>";
		};
		7164305C18762C4E00F923B5 /* settings */ = {
			isa = PBXGroup;
			children = (
				7164305718762C4A00F923B5 /* settingsViewController.h */,
				7164305818762C4A00F923B5 /* settingsViewController.m */,
				7164305918762C4A00F923B5 /* settingsViewController.xib */,
			);
			name = settings;
			path = ..;
			sourceTree = "<group>";
		};
		71E445E118818BE4003610B0 /* Resources */ = {
			isa = PBXGroup;
			children = (
				71E445E218818BE4003610B0 /* InfoPlist.strings */,
				71E445E418818BE4003610B0 /* PLISTs */,
				71E445E918818BE4003610B0 /* RestKitCoreData.xcdatamodeld */,
				71E445EA18818BE4003610B0 /* RestKitResources-Prefix.pch */,
			);
			name = Resources;
			path = "RestKit-0.20.3/Resources";
			sourceTree = "<group>";
		};
		71E445E418818BE4003610B0 /* PLISTs */ = {
			isa = PBXGroup;
			children = (
				71E445E518818BE4003610B0 /* RestKitFramework-Info.plist */,
				71E445E618818BE4003610B0 /* RestKitFrameworkTests-Info.plist */,
				71E445E718818BE4003610B0 /* RestKitResources-Info.plist */,
				71E445E818818BE4003610B0 /* RestKitTests-Info.plist */,
			);
			path = PLISTs;
			sourceTree = "<group>";
		};
		71E445EC18818BE4003610B0 /* Products */ = {
			isa = PBXGroup;
			children = (
				71E445F918818BE5003610B0 /* libRestKit.a */,
				71E445FB18818BE5003610B0 /* RestKitTests.octest */,
				71E445FD18818BE5003610B0 /* RestKit.framework */,
				71E445FF18818BE5003610B0 /* RestKitFrameworkTests.octest */,
			);
			name = Products;
			sourceTree = "<group>";
		};
/* End PBXGroup section */

/* Begin PBXNativeTarget section */
		711A995B187308AB007BE1FC /* DropBox */ = {
			isa = PBXNativeTarget;
			buildConfigurationList = 711A9988187308AB007BE1FC /* Build configuration list for PBXNativeTarget "DropBox" */;
			buildPhases = (
				711A9958187308AB007BE1FC /* Sources */,
				711A9959187308AB007BE1FC /* Frameworks */,
				711A995A187308AB007BE1FC /* Resources */,
			);
			buildRules = (
			);
			dependencies = (
				71E4460118818BF7003610B0 /* PBXTargetDependency */,
			);
			name = DropBox;
			productName = DropBox;
			productReference = 711A995C187308AB007BE1FC /* DropBox.app */;
			productType = "com.apple.product-type.application";
		};
		711A9976187308AB007BE1FC /* DropBoxTests */ = {
			isa = PBXNativeTarget;
			buildConfigurationList = 711A998B187308AB007BE1FC /* Build configuration list for PBXNativeTarget "DropBoxTests" */;
			buildPhases = (
				711A9973187308AB007BE1FC /* Sources */,
				711A9974187308AB007BE1FC /* Frameworks */,
				711A9975187308AB007BE1FC /* Resources */,
			);
			buildRules = (
			);
			dependencies = (
				711A997D187308AB007BE1FC /* PBXTargetDependency */,
			);
			name = DropBoxTests;
			productName = DropBoxTests;
			productReference = 711A9977187308AB007BE1FC /* DropBoxTests.xctest */;
			productType = "com.apple.product-type.bundle.unit-test";
		};
/* End PBXNativeTarget section */

/* Begin PBXProject section */
		711A9954187308AB007BE1FC /* Project object */ = {
			isa = PBXProject;
			attributes = {
				LastUpgradeCheck = 0500;
				ORGANIZATIONNAME = "Viktor Chibotaru";
				TargetAttributes = {
					711A9976187308AB007BE1FC = {
						TestTargetID = 711A995B187308AB007BE1FC;
					};
				};
			};
			buildConfigurationList = 711A9957187308AB007BE1FC /* Build configuration list for PBXProject "DropBox" */;
			compatibilityVersion = "Xcode 3.2";
			developmentRegion = English;
			hasScannedForEncodings = 0;
			knownRegions = (
				en,
			);
			mainGroup = 711A9953187308AB007BE1FC;
			productRefGroup = 711A995D187308AB007BE1FC /* Products */;
			projectDirPath = "";
			projectReferences = (
				{
					ProductGroup = 71E445EC18818BE4003610B0 /* Products */;
					ProjectRef = 71E445EB18818BE4003610B0 /* RestKit.xcodeproj */;
				},
			);
			projectRoot = "";
			targets = (
				711A995B187308AB007BE1FC /* DropBox */,
				711A9976187308AB007BE1FC /* DropBoxTests */,
			);
		};
/* End PBXProject section */

/* Begin PBXReferenceProxy section */
		71E445F918818BE5003610B0 /* libRestKit.a */ = {
			isa = PBXReferenceProxy;
			fileType = archive.ar;
			path = libRestKit.a;
			remoteRef = 71E445F818818BE5003610B0 /* PBXContainerItemProxy */;
			sourceTree = BUILT_PRODUCTS_DIR;
		};
		71E445FB18818BE5003610B0 /* RestKitTests.octest */ = {
			isa = PBXReferenceProxy;
			fileType = wrapper.cfbundle;
			path = RestKitTests.octest;
			remoteRef = 71E445FA18818BE5003610B0 /* PBXContainerItemProxy */;
			sourceTree = BUILT_PRODUCTS_DIR;
		};
		71E445FD18818BE5003610B0 /* RestKit.framework */ = {
			isa = PBXReferenceProxy;
			fileType = wrapper.framework;
			path = RestKit.framework;
			remoteRef = 71E445FC18818BE5003610B0 /* PBXContainerItemProxy */;
			sourceTree = BUILT_PRODUCTS_DIR;
		};
		71E445FF18818BE5003610B0 /* RestKitFrameworkTests.octest */ = {
			isa = PBXReferenceProxy;
			fileType = wrapper.cfbundle;
			path = RestKitFrameworkTests.octest;
			remoteRef = 71E445FE18818BE5003610B0 /* PBXContainerItemProxy */;
			sourceTree = BUILT_PRODUCTS_DIR;
		};
/* End PBXReferenceProxy section */

/* Begin PBXResourcesBuildPhase section */
		711A995A187308AB007BE1FC /* Resources */ = {
			isa = PBXResourcesBuildPhase;
			buildActionMask = 2147483647;
			files = (
				711A9A1318735609007BE1FC /* word48.gif in Resources */,
				71E445EF18818BE5003610B0 /* RestKitFramework-Info.plist in Resources */,
				711A9A0118735609007BE1FC /* page_white_code48.gif in Resources */,
				711A9A0418735609007BE1FC /* page_white_cup48.gif in Resources */,
				711A9A0918735609007BE1FC /* page_white_paint48.gif in Resources */,
				71E4392118818A26003610B0 /* arrow-big-04.png in Resources */,
				711A9A0A18735609007BE1FC /* page_white_php48.gif in Resources */,
				711A99F318735609007BE1FC /* folder48.gif in Resources */,
				716430471875AB7100F923B5 /* detailViewController.xib in Resources */,
				711A99F718735609007BE1FC /* folder_public48.gif in Resources */,
				71E445EE18818BE5003610B0 /* InfoPlist.strings in Resources */,
				711A9A0D18735609007BE1FC /* page_white_text48.gif in Resources */,
				711A9A1218735609007BE1FC /* powerpoint48.gif in Resources */,
				71E4392318818A26003610B0 /* wifi.png in Resources */,
				711A99F818735609007BE1FC /* folder_star48.gif in Resources */,
				711A9A0C18735609007BE1FC /* page_white_ruby48.gif in Resources */,
				7164303F1874D30800F923B5 /* fileThumbView.xib in Resources */,
				71E445F218818BE5003610B0 /* RestKitTests-Info.plist in Resources */,
				711A9A0618735609007BE1FC /* page_white_flash48.gif in Resources */,
				7164305B18762C4A00F923B5 /* settingsViewController.xib in Resources */,
				71E4392018818A26003610B0 /* arrow-big-03.png in Resources */,
				711A99F918735609007BE1FC /* folder_user48.gif in Resources */,
				711A996A187308AB007BE1FC /* InfoPlist.strings in Resources */,
				711A9972187308AB007BE1FC /* Images.xcassets in Resources */,
				711A9A1018735609007BE1FC /* page_white_visualstudio48.gif in Resources */,
				71E445F118818BE5003610B0 /* RestKitResources-Info.plist in Resources */,
				711A9A0518735609007BE1FC /* page_white_dvd.gif in Resources */,
				711A99FF18735609007BE1FC /* page_white_actionscript48.gif in Resources */,
				711A9A0318735609007BE1FC /* page_white_csharp.gif in Resources */,
				716430521876029F00F923B5 /* uploadFilesViewController.xib in Resources */,
				711A99F418735609007BE1FC /* folder_app48.gif in Resources */,
				71E4392218818A26003610B0 /* gear.png in Resources */,
				711A99F218735609007BE1FC /* excel48.gif in Resources */,
				711A99FA18735609007BE1FC /* folder_user_gray48.gif in Resources */,
				711A99F618735609007BE1FC /* folder_gray48.gif in Resources */,
				711A9A0018735609007BE1FC /* page_white_c48.gif in Resources */,
				711A99CE18735435007BE1FC /* customFileCell.xib in Resources */,
				711A9A0F18735609007BE1FC /* page_white_vector48.gif in Resources */,
				71E445F018818BE5003610B0 /* RestKitFrameworkTests-Info.plist in Resources */,
				711A99FC18735609007BE1FC /* package48.gif in Resources */,
				711A99FD18735609007BE1FC /* page_white48.gif in Resources */,
				711A9A1118735609007BE1FC /* page_white_zip48.gif in Resources */,
				711A99FE18735609007BE1FC /* page_white_acrobat48.gif in Resources */,
				711A9A0B18735609007BE1FC /* page_white_picture48.gif in Resources */,
				711A9A0718735609007BE1FC /* page_white_gear48.gif in Resources */,
				711A9A0818735609007BE1FC /* page_white_h48.gif in Resources */,
				711A99FB18735609007BE1FC /* music48.gif in Resources */,
				711A99F518735609007BE1FC /* folder_camera48.gif in Resources */,
				711A9A0218735609007BE1FC /* page_white_cplusplus48.gif in Resources */,
				711A9A0E18735609007BE1FC /* page_white_tux48.gif in Resources */,
			);
			runOnlyForDeploymentPostprocessing = 0;
		};
		711A9975187308AB007BE1FC /* Resources */ = {
			isa = PBXResourcesBuildPhase;
			buildActionMask = 2147483647;
			files = (
				711A9983187308AB007BE1FC /* InfoPlist.strings in Resources */,
			);
			runOnlyForDeploymentPostprocessing = 0;
		};
/* End PBXResourcesBuildPhase section */

/* Begin PBXSourcesBuildPhase section */
		711A9958187308AB007BE1FC /* Sources */ = {
			isa = PBXSourcesBuildPhase;
			buildActionMask = 2147483647;
			files = (
				7164304A1875BEC400F923B5 /* User.m in Sources */,
				7164305A18762C4A00F923B5 /* settingsViewController.m in Sources */,
				711A99CC1873541C007BE1FC /* customFileCell.m in Sources */,
				716430511876029F00F923B5 /* uploadFilesViewController.m in Sources */,
				711A9970187308AB007BE1FC /* AppDelegate.m in Sources */,
				71E445F318818BE5003610B0 /* RestKitCoreData.xcdatamodeld in Sources */,
				7164304D1875BEC500F923B5 /* File.m in Sources */,
				711A99B418730B49007BE1FC /* DropboxFinal.xcdatamodeld in Sources */,
				711A99C218731495007BE1FC /* remoteFilesViewController.m in Sources */,
				7164306718763C3D00F923B5 /* Quota.m in Sources */,
				716430421874D3BC00F923B5 /* fileThumbView.m in Sources */,
				711A996C187308AB007BE1FC /* main.m in Sources */,
				711A9A1A18743885007BE1FC /* savedFilesInfoViewController.m in Sources */,
				711A99B118730A90007BE1FC /* dropboxClient.m in Sources */,
				716430461875AB7100F923B5 /* detailViewController.m in Sources */,
			);
			runOnlyForDeploymentPostprocessing = 0;
		};
		711A9973187308AB007BE1FC /* Sources */ = {
			isa = PBXSourcesBuildPhase;
			buildActionMask = 2147483647;
			files = (
				711A9985187308AB007BE1FC /* DropBoxTests.m in Sources */,
			);
			runOnlyForDeploymentPostprocessing = 0;
		};
/* End PBXSourcesBuildPhase section */

/* Begin PBXTargetDependency section */
		711A997D187308AB007BE1FC /* PBXTargetDependency */ = {
			isa = PBXTargetDependency;
			target = 711A995B187308AB007BE1FC /* DropBox */;
			targetProxy = 711A997C187308AB007BE1FC /* PBXContainerItemProxy */;
		};
		71E4460118818BF7003610B0 /* PBXTargetDependency */ = {
			isa = PBXTargetDependency;
			name = RestKit;
			targetProxy = 71E4460018818BF7003610B0 /* PBXContainerItemProxy */;
		};
/* End PBXTargetDependency section */

/* Begin PBXVariantGroup section */
		711A9968187308AB007BE1FC /* InfoPlist.strings */ = {
			isa = PBXVariantGroup;
			children = (
				711A9969187308AB007BE1FC /* en */,
			);
			name = InfoPlist.strings;
			sourceTree = "<group>";
		};
		711A9981187308AB007BE1FC /* InfoPlist.strings */ = {
			isa = PBXVariantGroup;
			children = (
				711A9982187308AB007BE1FC /* en */,
			);
			name = InfoPlist.strings;
			sourceTree = "<group>";
		};
		71E445E218818BE4003610B0 /* InfoPlist.strings */ = {
			isa = PBXVariantGroup;
			children = (
				71E445E318818BE4003610B0 /* en */,
			);
			name = InfoPlist.strings;
			sourceTree = "<group>";
		};
/* End PBXVariantGroup section */

/* Begin XCBuildConfiguration section */
		711A9986187308AB007BE1FC /* Debug */ = {
			isa = XCBuildConfiguration;
			buildSettings = {
				ALWAYS_SEARCH_USER_PATHS = NO;
				ARCHS = "$(ARCHS_STANDARD_INCLUDING_64_BIT)";
				CLANG_CXX_LANGUAGE_STANDARD = "gnu++0x";
				CLANG_CXX_LIBRARY = "libc++";
				CLANG_ENABLE_MODULES = YES;
				CLANG_ENABLE_OBJC_ARC = YES;
				CLANG_WARN_BOOL_CONVERSION = YES;
				CLANG_WARN_CONSTANT_CONVERSION = YES;
				CLANG_WARN_DIRECT_OBJC_ISA_USAGE = YES_ERROR;
				CLANG_WARN_EMPTY_BODY = YES;
				CLANG_WARN_ENUM_CONVERSION = YES;
				CLANG_WARN_INT_CONVERSION = YES;
				CLANG_WARN_OBJC_ROOT_CLASS = YES_ERROR;
				CLANG_WARN__DUPLICATE_METHOD_MATCH = YES;
				"CODE_SIGN_IDENTITY[sdk=iphoneos*]" = "iPhone Developer";
				COPY_PHASE_STRIP = NO;
				GCC_C_LANGUAGE_STANDARD = gnu99;
				GCC_DYNAMIC_NO_PIC = NO;
				GCC_OPTIMIZATION_LEVEL = 0;
				GCC_PREPROCESSOR_DEFINITIONS = (
					"DEBUG=1",
					"$(inherited)",
				);
				GCC_SYMBOLS_PRIVATE_EXTERN = NO;
				GCC_WARN_64_TO_32_BIT_CONVERSION = YES;
				GCC_WARN_ABOUT_RETURN_TYPE = YES_ERROR;
				GCC_WARN_UNDECLARED_SELECTOR = YES;
				GCC_WARN_UNINITIALIZED_AUTOS = YES;
				GCC_WARN_UNUSED_FUNCTION = YES;
				GCC_WARN_UNUSED_VARIABLE = YES;
				IPHONEOS_DEPLOYMENT_TARGET = 7.0;
				ONLY_ACTIVE_ARCH = YES;
				SDKROOT = iphoneos;
			};
			name = Debug;
		};
		711A9987187308AB007BE1FC /* Release */ = {
			isa = XCBuildConfiguration;
			buildSettings = {
				ALWAYS_SEARCH_USER_PATHS = NO;
				ARCHS = "$(ARCHS_STANDARD_INCLUDING_64_BIT)";
				CLANG_CXX_LANGUAGE_STANDARD = "gnu++0x";
				CLANG_CXX_LIBRARY = "libc++";
				CLANG_ENABLE_MODULES = YES;
				CLANG_ENABLE_OBJC_ARC = YES;
				CLANG_WARN_BOOL_CONVERSION = YES;
				CLANG_WARN_CONSTANT_CONVERSION = YES;
				CLANG_WARN_DIRECT_OBJC_ISA_USAGE = YES_ERROR;
				CLANG_WARN_EMPTY_BODY = YES;
				CLANG_WARN_ENUM_CONVERSION = YES;
				CLANG_WARN_INT_CONVERSION = YES;
				CLANG_WARN_OBJC_ROOT_CLASS = YES_ERROR;
				CLANG_WARN__DUPLICATE_METHOD_MATCH = YES;
				"CODE_SIGN_IDENTITY[sdk=iphoneos*]" = "iPhone Developer";
				COPY_PHASE_STRIP = YES;
				ENABLE_NS_ASSERTIONS = NO;
				GCC_C_LANGUAGE_STANDARD = gnu99;
				GCC_WARN_64_TO_32_BIT_CONVERSION = YES;
				GCC_WARN_ABOUT_RETURN_TYPE = YES_ERROR;
				GCC_WARN_UNDECLARED_SELECTOR = YES;
				GCC_WARN_UNINITIALIZED_AUTOS = YES;
				GCC_WARN_UNUSED_FUNCTION = YES;
				GCC_WARN_UNUSED_VARIABLE = YES;
				IPHONEOS_DEPLOYMENT_TARGET = 7.0;
				SDKROOT = iphoneos;
				VALIDATE_PRODUCT = YES;
			};
			name = Release;
		};
		711A9989187308AB007BE1FC /* Debug */ = {
			isa = XCBuildConfiguration;
			buildSettings = {
				ASSETCATALOG_COMPILER_APPICON_NAME = AppIcon;
				ASSETCATALOG_COMPILER_LAUNCHIMAGE_NAME = LaunchImage;
				FRAMEWORK_SEARCH_PATHS = (
					"$(inherited)",
					"/Users/viktorchibotaru/Desktop/работа/DropBox/RestKit-0.20.3/Build/Debug",
				);
				GCC_PRECOMPILE_PREFIX_HEADER = YES;
				GCC_PREFIX_HEADER = "DropBox/DropBox-Prefix.pch";
				HEADER_SEARCH_PATHS = (
					"$(inherited)",
					/Applications/Xcode.app/Contents/Developer/Toolchains/XcodeDefault.xctoolchain/usr/include,
					"\"$(BUILT_PRODUCTS_DIR)/../../Headers\"",
				);
				INFOPLIST_FILE = "DropBox/DropBox-Info.plist";
				IPHONEOS_DEPLOYMENT_TARGET = 6.0;
				LIBRARY_SEARCH_PATHS = (
					"$(inherited)",
					"/Users/viktorchibotaru/Desktop/работа/DropBox/RestKit-0.20.3/Build/Products/Debug-iphoneos",
					"/Users/viktorchibotaru/Desktop/работа/DropBox/RestKit-0.20.3/Build/Products/Debug-iphonesimulator",
					"/Users/viktorchibotaru/Desktop/работа/DropBox/RestKit-0.20.3/Build/RestKit.build/Debug-iphoneos/RestKit.build/Objects-normal/armv7",
					"/Users/viktorchibotaru/Desktop/работа/DropBox/RestKit-0.20.3/Build/RestKit.build/Debug-iphoneos/RestKit.build/Objects-normal/armv7s",
				);
				OTHER_LDFLAGS = "-ObjC";
				PRODUCT_NAME = "$(TARGET_NAME)";
				WRAPPER_EXTENSION = app;
			};
			name = Debug;
		};
		711A998A187308AB007BE1FC /* Release */ = {
			isa = XCBuildConfiguration;
			buildSettings = {
				ASSETCATALOG_COMPILER_APPICON_NAME = AppIcon;
				ASSETCATALOG_COMPILER_LAUNCHIMAGE_NAME = LaunchImage;
				FRAMEWORK_SEARCH_PATHS = (
					"$(inherited)",
					"/Users/viktorchibotaru/Desktop/работа/DropBox/RestKit-0.20.3/Build/Debug",
				);
				GCC_PRECOMPILE_PREFIX_HEADER = YES;
				GCC_PREFIX_HEADER = "DropBox/DropBox-Prefix.pch";
				HEADER_SEARCH_PATHS = (
					"$(inherited)",
					/Applications/Xcode.app/Contents/Developer/Toolchains/XcodeDefault.xctoolchain/usr/include,
					"\"$(BUILT_PRODUCTS_DIR)/../../Headers\"",
				);
				INFOPLIST_FILE = "DropBox/DropBox-Info.plist";
				IPHONEOS_DEPLOYMENT_TARGET = 6.0;
				LIBRARY_SEARCH_PATHS = (
					"$(inherited)",
					"/Users/viktorchibotaru/Desktop/работа/DropBox/RestKit-0.20.3/Build/Products/Debug-iphoneos",
					"/Users/viktorchibotaru/Desktop/работа/DropBox/RestKit-0.20.3/Build/Products/Debug-iphonesimulator",
					"/Users/viktorchibotaru/Desktop/работа/DropBox/RestKit-0.20.3/Build/RestKit.build/Debug-iphoneos/RestKit.build/Objects-normal/armv7",
					"/Users/viktorchibotaru/Desktop/работа/DropBox/RestKit-0.20.3/Build/RestKit.build/Debug-iphoneos/RestKit.build/Objects-normal/armv7s",
				);
				OTHER_LDFLAGS = "-ObjC";
				PRODUCT_NAME = "$(TARGET_NAME)";
				WRAPPER_EXTENSION = app;
			};
			name = Release;
		};
		711A998C187308AB007BE1FC /* Debug */ = {
			isa = XCBuildConfiguration;
			buildSettings = {
				ARCHS = "$(ARCHS_STANDARD_INCLUDING_64_BIT)";
				BUNDLE_LOADER = "$(BUILT_PRODUCTS_DIR)/DropBox.app/DropBox";
				FRAMEWORK_SEARCH_PATHS = (
					"$(SDKROOT)/Developer/Library/Frameworks",
					"$(inherited)",
					"$(DEVELOPER_FRAMEWORKS_DIR)",
				);
				GCC_PRECOMPILE_PREFIX_HEADER = YES;
				GCC_PREFIX_HEADER = "DropBox/DropBox-Prefix.pch";
				GCC_PREPROCESSOR_DEFINITIONS = (
					"DEBUG=1",
					"$(inherited)",
				);
				INFOPLIST_FILE = "DropBoxTests/DropBoxTests-Info.plist";
				PRODUCT_NAME = "$(TARGET_NAME)";
				TEST_HOST = "$(BUNDLE_LOADER)";
				WRAPPER_EXTENSION = xctest;
			};
			name = Debug;
		};
		711A998D187308AB007BE1FC /* Release */ = {
			isa = XCBuildConfiguration;
			buildSettings = {
				ARCHS = "$(ARCHS_STANDARD_INCLUDING_64_BIT)";
				BUNDLE_LOADER = "$(BUILT_PRODUCTS_DIR)/DropBox.app/DropBox";
				FRAMEWORK_SEARCH_PATHS = (
					"$(SDKROOT)/Developer/Library/Frameworks",
					"$(inherited)",
					"$(DEVELOPER_FRAMEWORKS_DIR)",
				);
				GCC_PRECOMPILE_PREFIX_HEADER = YES;
				GCC_PREFIX_HEADER = "DropBox/DropBox-Prefix.pch";
				INFOPLIST_FILE = "DropBoxTests/DropBoxTests-Info.plist";
				PRODUCT_NAME = "$(TARGET_NAME)";
				TEST_HOST = "$(BUNDLE_LOADER)";
				WRAPPER_EXTENSION = xctest;
			};
			name = Release;
		};
/* End XCBuildConfiguration section */

/* Begin XCConfigurationList section */
		711A9957187308AB007BE1FC /* Build configuration list for PBXProject "DropBox" */ = {
			isa = XCConfigurationList;
			buildConfigurations = (
				711A9986187308AB007BE1FC /* Debug */,
				711A9987187308AB007BE1FC /* Release */,
			);
			defaultConfigurationIsVisible = 0;
			defaultConfigurationName = Release;
		};
		711A9988187308AB007BE1FC /* Build configuration list for PBXNativeTarget "DropBox" */ = {
			isa = XCConfigurationList;
			buildConfigurations = (
				711A9989187308AB007BE1FC /* Debug */,
				711A998A187308AB007BE1FC /* Release */,
			);
			defaultConfigurationIsVisible = 0;
			defaultConfigurationName = Release;
		};
		711A998B187308AB007BE1FC /* Build configuration list for PBXNativeTarget "DropBoxTests" */ = {
			isa = XCConfigurationList;
			buildConfigurations = (
				711A998C187308AB007BE1FC /* Debug */,
				711A998D187308AB007BE1FC /* Release */,
			);
			defaultConfigurationIsVisible = 0;
			defaultConfigurationName = Release;
		};
/* End XCConfigurationList section */

/* Begin XCVersionGroup section */
		711A99B218730B49007BE1FC /* DropboxFinal.xcdatamodeld */ = {
			isa = XCVersionGroup;
			children = (
				711A99B318730B49007BE1FC /* DropboxFinal.xcdatamodel */,
			);
			currentVersion = 711A99B318730B49007BE1FC /* DropboxFinal.xcdatamodel */;
			path = DropboxFinal.xcdatamodeld;
			sourceTree = "<group>";
			versionGroupType = wrapper.xcdatamodel;
		};
		71E445E918818BE4003610B0 /* RestKitCoreData.xcdatamodeld */ = {
			isa = XCVersionGroup;
			children = (
			);
			path = RestKitCoreData.xcdatamodeld;
			sourceTree = "<group>";
			versionGroupType = wrapper.xcdatamodel;
		};
/* End XCVersionGroup section */
	};
	rootObject = 711A9954187308AB007BE1FC /* Project object */;
}
